
Microsoft Visual Studio Solution File, Format Version 12.00
# Visual Studio Version 16
VisualStudioVersion = 16.0.810.25
MinimumVisualStudioVersion = 10.0.40219.1
Project("{FAE04EC0-301F-11D3-BF4B-00C04F79EFBC}") = "ResearchV2", "ResearchV2\ResearchV2.csproj", "{3E8BE627-C160-47B7-8E24-28483CBBDFF7}"
EndProject
Global
	GlobalSection(SolutionConfigurationPlatforms) = preSolution
		Debug|Any CPU = Debug|Any CPU
		Release|Any CPU = Release|Any CPU
	EndGlobalSection
	GlobalSection(ProjectConfigurationPlatforms) = postSolution
		{3E8BE627-C160-47B7-8E24-28483CBBDFF7}.Debug|Any CPU.ActiveCfg = Debug|Any CPU
		{3E8BE627-C160-47B7-8E24-28483CBBDFF7}.Debug|Any CPU.Build.0 = Debug|Any CPU
		{3E8BE627-C160-47B7-8E24-28483CBBDFF7}.Release|Any CPU.ActiveCfg = Release|Any CPU
		{3E8BE627-C160-47B7-8E24-28483CBBDFF7}.Release|Any CPU.Build.0 = Release|Any CPU
	EndGlobalSection
	GlobalSection(SolutionProperties) = preSolution
		HideSolutionNode = FALSE
	EndGlobalSection
	GlobalSection(ExtensibilityGlobals) = postSolution
		SolutionGuid = {240B981D-4DDF-4D8F-B8CD-AE1D5FC6B54F}
	EndGlobalSection
EndGlobal
